// !$*UTF8*$!
{
	archiveVersion = 1;
	classes = {
	};
	objectVersion = 46;
	objects = {

/* Begin PBXBuildFile section */
		33A622BC1D44659600A2A0F3 /* AppDelegate.swift in Sources */ = {isa = PBXBuildFile; fileRef = 33A622BB1D44659600A2A0F3 /* AppDelegate.swift */; };
		33A622BE1D44659600A2A0F3 /* ViewController.swift in Sources */ = {isa = PBXBuildFile; fileRef = 33A622BD1D44659600A2A0F3 /* ViewController.swift */; };
		33A622C11D44659600A2A0F3 /* Main.storyboard in Resources */ = {isa = PBXBuildFile; fileRef = 33A622BF1D44659600A2A0F3 /* Main.storyboard */; };
		33A622C31D44659600A2A0F3 /* Assets.xcassets in Resources */ = {isa = PBXBuildFile; fileRef = 33A622C21D44659600A2A0F3 /* Assets.xcassets */; };
		33A622C61D44659600A2A0F3 /* LaunchScreen.storyboard in Resources */ = {isa = PBXBuildFile; fileRef = 33A622C41D44659600A2A0F3 /* LaunchScreen.storyboard */; };
		A9DEE704D1414939CE1AA109 /* Pods_testingGit.framework in Frameworks */ = {isa = PBXBuildFile; fileRef = F39B858C80456149EDBD90B6 /* Pods_testingGit.framework */; };
/* End PBXBuildFile section */

/* Begin PBXFileReference section */
		33A622B81D44659600A2A0F3 /* testingGit.app */ = {isa = PBXFileReference; explicitFileType = wrapper.application; includeInIndex = 0; path = testingGit.app; sourceTree = BUILT_PRODUCTS_DIR; };
		33A622BB1D44659600A2A0F3 /* AppDelegate.swift */ = {isa = PBXFileReference; lastKnownFileType = sourcecode.swift; path = AppDelegate.swift; sourceTree = "<group>"; };
		33A622BD1D44659600A2A0F3 /* ViewController.swift */ = {isa = PBXFileReference; lastKnownFileType = sourcecode.swift; path = ViewController.swift; sourceTree = "<group>"; };
		33A622C01D44659600A2A0F3 /* Base */ = {isa = PBXFileReference; lastKnownFileType = file.storyboard; name = Base; path = Base.lproj/Main.storyboard; sourceTree = "<group>"; };
		33A622C21D44659600A2A0F3 /* Assets.xcassets */ = {isa = PBXFileReference; lastKnownFileType = folder.assetcatalog; path = Assets.xcassets; sourceTree = "<group>"; };
		33A622C51D44659600A2A0F3 /* Base */ = {isa = PBXFileReference; lastKnownFileType = file.storyboard; name = Base; path = Base.lproj/LaunchScreen.storyboard; sourceTree = "<group>"; };
		33A622C71D44659600A2A0F3 /* Info.plist */ = {isa = PBXFileReference; lastKnownFileType = text.plist.xml; path = Info.plist; sourceTree = "<group>"; };
		3A05EC6C666CB3CBC2584E50 /* Pods-testingGit.release.xcconfig */ = {isa = PBXFileReference; includeInIndex = 1; lastKnownFileType = text.xcconfig; name = "Pods-testingGit.release.xcconfig"; path = "Pods/Target Support Files/Pods-testingGit/Pods-testingGit.release.xcconfig"; sourceTree = "<group>"; };
		B2231F395580DAC82D1D5F1C /* Pods-testingGit.debug.xcconfig */ = {isa = PBXFileReference; includeInIndex = 1; lastKnownFileType = text.xcconfig; name = "Pods-testingGit.debug.xcconfig"; path = "Pods/Target Support Files/Pods-testingGit/Pods-testingGit.debug.xcconfig"; sourceTree = "<group>"; };
		F39B858C80456149EDBD90B6 /* Pods_testingGit.framework */ = {isa = PBXFileReference; explicitFileType = wrapper.framework; includeInIndex = 0; path = Pods_testingGit.framework; sourceTree = BUILT_PRODUCTS_DIR; };
/* End PBXFileReference section */

/* Begin PBXFrameworksBuildPhase section */
		33A622B51D44659600A2A0F3 /* Frameworks */ = {
			isa = PBXFrameworksBuildPhase;
			buildActionMask = 2147483647;
			files = (
				A9DEE704D1414939CE1AA109 /* Pods_testingGit.framework in Frameworks */,
			);
			runOnlyForDeploymentPostprocessing = 0;
		};
/* End PBXFrameworksBuildPhase section */

/* Begin PBXGroup section */
		33A622AF1D44659600A2A0F3 = {
			isa = PBXGroup;
			children = (
				33A622BA1D44659600A2A0F3 /* testingGit */,
				33A622B91D44659600A2A0F3 /* Products */,
				D82B98FD3CAE0DE742F47ECE /* Pods */,
				47C7658DC69A1729B7C7D760 /* Frameworks */,
			);
			sourceTree = "<group>";
		};
		33A622B91D44659600A2A0F3 /* Products */ = {
			isa = PBXGroup;
			children = (
				33A622B81D44659600A2A0F3 /* testingGit.app */,
			);
			name = Products;
			sourceTree = "<group>";
		};
		33A622BA1D44659600A2A0F3 /* testingGit */ = {
			isa = PBXGroup;
			children = (
				33A622BB1D44659600A2A0F3 /* AppDelegate.swift */,
				33A622BD1D44659600A2A0F3 /* ViewController.swift */,
				33A622BF1D44659600A2A0F3 /* Main.storyboard */,
				33A622C21D44659600A2A0F3 /* Assets.xcassets */,
				33A622C41D44659600A2A0F3 /* LaunchScreen.storyboard */,
				33A622C71D44659600A2A0F3 /* Info.plist */,
			);
			path = testingGit;
			sourceTree = "<group>";
		};
		47C7658DC69A1729B7C7D760 /* Frameworks */ = {
			isa = PBXGroup;
			children = (
				F39B858C80456149EDBD90B6 /* Pods_testingGit.framework */,
			);
			name = Frameworks;
			sourceTree = "<group>";
		};
		D82B98FD3CAE0DE742F47ECE /* Pods */ = {
			isa = PBXGroup;
			children = (
				B2231F395580DAC82D1D5F1C /* Pods-testingGit.debug.xcconfig */,
				3A05EC6C666CB3CBC2584E50 /* Pods-testingGit.release.xcconfig */,
			);
			name = Pods;
			sourceTree = "<group>";
		};
/* End PBXGroup section */

/* Begin PBXNativeTarget section */
		33A622B71D44659600A2A0F3 /* testingGit */ = {
			isa = PBXNativeTarget;
			buildConfigurationList = 33A622CA1D44659600A2A0F3 /* Build configuration list for PBXNativeTarget "testingGit" */;
			buildPhases = (
				984B4832B970C6A5E9DC9A55 /* [CP] Check Pods Manifest.lock */,
				33A622B41D44659600A2A0F3 /* Sources */,
				33A622B51D44659600A2A0F3 /* Frameworks */,
				33A622B61D44659600A2A0F3 /* Resources */,
				6E6F3CDE5E97F3288F805CB6 /* [CP] Embed Pods Frameworks */,
				F0AF0D93D667AA7EA5919DF3 /* [CP] Copy Pods Resources */,
			);
			buildRules = (
			);
			dependencies = (
			);
			name = testingGit;
			productName = testingGit;
			productReference = 33A622B81D44659600A2A0F3 /* testingGit.app */;
			productType = "com.apple.product-type.application";
		};
/* End PBXNativeTarget section */

/* Begin PBXProject section */
		33A622B01D44659600A2A0F3 /* Project object */ = {
			isa = PBXProject;
			attributes = {
				LastSwiftUpdateCheck = 0730;
				LastUpgradeCheck = 0730;
				ORGANIZATIONNAME = "Philipp Eibl";
				TargetAttributes = {
					33A622B71D44659600A2A0F3 = {
						CreatedOnToolsVersion = 7.3.1;
					};
				};
			};
			buildConfigurationList = 33A622B31D44659600A2A0F3 /* Build configuration list for PBXProject "testingGit" */;
			compatibilityVersion = "Xcode 3.2";
			developmentRegion = English;
			hasScannedForEncodings = 0;
			knownRegions = (
				en,
				Base,
			);
			mainGroup = 33A622AF1D44659600A2A0F3;
			productRefGroup = 33A622B91D44659600A2A0F3 /* Products */;
			projectDirPath = "";
			projectRoot = "";
			targets = (
				33A622B71D44659600A2A0F3 /* testingGit */,
			);
		};
/* End PBXProject section */

/* Begin PBXResourcesBuildPhase section */
		33A622B61D44659600A2A0F3 /* Resources */ = {
			isa = PBXResourcesBuildPhase;
			buildActionMask = 2147483647;
			files = (
				33A622C61D44659600A2A0F3 /* LaunchScreen.storyboard in Resources */,
				33A622C31D44659600A2A0F3 /* Assets.xcassets in Resources */,
				33A622C11D44659600A2A0F3 /* Main.storyboard in Resources */,
			);
			runOnlyForDeploymentPostprocessing = 0;
		};
/* End PBXResourcesBuildPhase section */

/* Begin PBXShellScriptBuildPhase section */
		6E6F3CDE5E97F3288F805CB6 /* [CP] Embed Pods Frameworks */ = {
			isa = PBXShellScriptBuildPhase;
			buildActionMask = 2147483647;
			files = (
			);
			inputPaths = (
			);
			name = "[CP] Embed Pods Frameworks";
			outputPaths = (
			);
			runOnlyForDeploymentPostprocessing = 0;
			shellPath = /bin/sh;
			shellScript = "\"${SRCROOT}/Pods/Target Support Files/Pods-testingGit/Pods-testingGit-frameworks.sh\"\n";
			showEnvVarsInLog = 0;
		};
		984B4832B970C6A5E9DC9A55 /* [CP] Check Pods Manifest.lock */ = {
			isa = PBXShellScriptBuildPhase;
			buildActionMask = 2147483647;
			files = (
			);
			inputPaths = (
			);
			name = "[CP] Check Pods Manifest.lock";
			outputPaths = (
			);
			runOnlyForDeploymentPostprocessing = 0;
			shellPath = /bin/sh;
			shellScript = "diff \"${PODS_ROOT}/../Podfile.lock\" \"${PODS_ROOT}/Manifest.lock\" > /dev/null\nif [[ $? != 0 ]] ; then\n    cat << EOM\nerror: The sandbox is not in sync with the Podfile.lock. Run 'pod install' or update your CocoaPods installation.\nEOM\n    exit 1\nfi\n";
			showEnvVarsInLog = 0;
		};
		F0AF0D93D667AA7EA5919DF3 /* [CP] Copy Pods Resources */ = {
			isa = PBXShellScriptBuildPhase;
			buildActionMask = 2147483647;
			files = (
			);
			inputPaths = (
			);
			name = "[CP] Copy Pods Resources";
			outputPaths = (
			);
			runOnlyForDeploymentPostprocessing = 0;
			shellPath = /bin/sh;
			shellScript = "\"${SRCROOT}/Pods/Target Support Files/Pods-testingGit/Pods-testingGit-resources.sh\"\n";
			showEnvVarsInLog = 0;
		};
/* End PBXShellScriptBuildPhase section */

/* Begin PBXSourcesBuildPhase section */
		33A622B41D44659600A2A0F3 /* Sources */ = {
			isa = PBXSourcesBuildPhase;
			buildActionMask = 2147483647;
			files = (
				33A622BE1D44659600A2A0F3 /* ViewController.swift in Sources */,
				33A622BC1D44659600A2A0F3 /* AppDelegate.swift in Sources */,
			);
			runOnlyForDeploymentPostprocessing = 0;
		};
/* End PBXSourcesBuildPhase section */

/* Begin PBXVariantGroup section */
		33A622BF1D44659600A2A0F3 /* Main.storyboard */ = {
			isa = PBXVariantGroup;
			children = (
				33A622C01D44659600A2A0F3 /* Base */,
			);
			name = Main.storyboard;
			sourceTree = "<group>";
		};
		33A622C41D44659600A2A0F3 /* LaunchScreen.storyboard */ = {
			isa = PBXVariantGroup;
			children = (
				33A622C51D44659600A2A0F3 /* Base */,
			);
			name = LaunchScreen.storyboard;
			sourceTree = "<group>";
		};
/* End PBXVariantGroup section */

/* Begin XCBuildConfiguration section */
		33A622C81D44659600A2A0F3 /* Debug */ = {
			isa = XCBuildConfiguration;
			buildSettings = {
				ALWAYS_SEARCH_USER_PATHS = NO;
				CLANG_ANALYZER_NONNULL = YES;
				CLANG_CXX_LANGUAGE_STANDARD = "gnu++0x";
				CLANG_CXX_LIBRARY = "libc++";
				CLANG_ENABLE_MODULES = YES;
				CLANG_ENABLE_OBJC_ARC = YES;
				CLANG_WARN_BOOL_CONVERSION = YES;
				CLANG_WARN_CONSTANT_CONVERSION = YES;
				CLANG_WARN_DIRECT_OBJC_ISA_USAGE = YES_ERROR;
				CLANG_WARN_EMPTY_BODY = YES;
				CLANG_WARN_ENUM_CONVERSION = YES;
				CLANG_WARN_INT_CONVERSION = YES;
				CLANG_WARN_OBJC_ROOT_CLASS = YES_ERROR;
				CLANG_WARN_UNREACHABLE_CODE = YES;
				CLANG_WARN__DUPLICATE_METHOD_MATCH = YES;
				"CODE_SIGN_IDENTITY[sdk=iphoneos*]" = "iPhone Developer";
				COPY_PHASE_STRIP = NO;
				DEBUG_INFORMATION_FORMAT = dwarf;
				ENABLE_STRICT_OBJC_MSGSEND = YES;
				ENABLE_TESTABILITY = YES;
				GCC_C_LANGUAGE_STANDARD = gnu99;
				GCC_DYNAMIC_NO_PIC = NO;
				GCC_NO_COMMON_BLOCKS = YES;
				GCC_OPTIMIZATION_LEVEL = 0;
				GCC_PREPROCESSOR_DEFINITIONS = (
					"DEBUG=1",
					"$(inherited)",
				);
				GCC_WARN_64_TO_32_BIT_CONVERSION = YES;
				GCC_WARN_ABOUT_RETURN_TYPE = YES_ERROR;
				GCC_WARN_UNDECLARED_SELECTOR = YES;
				GCC_WARN_UNINITIALIZED_AUTOS = YES_AGGRESSIVE;
				GCC_WARN_UNUSED_FUNCTION = YES;
				GCC_WARN_UNUSED_VARIABLE = YES;
				IPHONEOS_DEPLOYMENT_TARGET = 9.3;
				MTL_ENABLE_DEBUG_INFO = YES;
				ONLY_ACTIVE_ARCH = YES;
				SDKROOT = iphoneos;
				SWIFT_OPTIMIZATION_LEVEL = "-Onone";
			};
			name = Debug;
		};
		33A622C91D44659600A2A0F3 /* Release */ = {
			isa = XCBuildConfiguration;
			buildSettings = {
				ALWAYS_SEARCH_USER_PATHS = NO;
				CLANG_ANALYZER_NONNULL = YES;
				CLANG_CXX_LANGUAGE_STANDARD = "gnu++0x";
				CLANG_CXX_LIBRARY = "libc++";
				CLANG_ENABLE_MODULES = YES;
				CLANG_ENABLE_OBJC_ARC = YES;
				CLANG_WARN_BOOL_CONVERSION = YES;
				CLANG_WARN_CONSTANT_CONVERSION = YES;
				CLANG_WARN_DIRECT_OBJC_ISA_USAGE = YES_ERROR;
				CLANG_WARN_EMPTY_BODY = YES;
				CLANG_WARN_ENUM_CONVERSION = YES;
				CLANG_WARN_INT_CONVERSION = YES;
				CLANG_WARN_OBJC_ROOT_CLASS = YES_ERROR;
				CLANG_WARN_UNREACHABLE_CODE = YES;
				CLANG_WARN__DUPLICATE_METHOD_MATCH = YES;
				"CODE_SIGN_IDENTITY[sdk=iphoneos*]" = "iPhone Developer";
				COPY_PHASE_STRIP = NO;
				DEBUG_INFORMATION_FORMAT = "dwarf-with-dsym";
				ENABLE_NS_ASSERTIONS = NO;
				ENABLE_STRICT_OBJC_MSGSEND = YES;
				GCC_C_LANGUAGE_STANDARD = gnu99;
				GCC_NO_COMMON_BLOCKS = YES;
				GCC_WARN_64_TO_32_BIT_CONVERSION = YES;
				GCC_WARN_ABOUT_RETURN_TYPE = YES_ERROR;
				GCC_WARN_UNDECLARED_SELECTOR = YES;
				GCC_WARN_UNINITIALIZED_AUTOS = YES_AGGRESSIVE;
				GCC_WARN_UNUSED_FUNCTION = YES;
				GCC_WARN_UNUSED_VARIABLE = YES;
				IPHONEOS_DEPLOYMENT_TARGET = 9.3;
				MTL_ENABLE_DEBUG_INFO = NO;
				SDKROOT = iphoneos;
				VALIDATE_PRODUCT = YES;
			};
			name = Release;
		};
		33A622CB1D44659600A2A0F3 /* Debug */ = {
			isa = XCBuildConfiguration;
			baseConfigurationReference = B2231F395580DAC82D1D5F1C /* Pods-testingGit.debug.xcconfig */;
			buildSettings = {
				ASSETCATALOG_COMPILER_APPICON_NAME = AppIcon;
				INFOPLIST_FILE = testingGit/Info.plist;
				LD_RUNPATH_SEARCH_PATHS = "$(inherited) @executable_path/Frameworks";
				PRODUCT_BUNDLE_IDENTIFIER = PhilippEibl.testingGit;
				PRODUCT_NAME = "$(TARGET_NAME)";
			};
			name = Debug;
		};
		33A622CC1D44659600A2A0F3 /* Release */ = {
			isa = XCBuildConfiguration;
			baseConfigurationReference = 3A05EC6C666CB3CBC2584E50 /* Pods-testingGit.release.xcconfig */;
			buildSettings = {
				ASSETCATALOG_COMPILER_APPICON_NAME = AppIcon;
				INFOPLIST_FILE = testingGit/Info.plist;
				LD_RUNPATH_SEARCH_PATHS = "$(inherited) @executable_path/Frameworks";
				PRODUCT_BUNDLE_IDENTIFIER = PhilippEibl.testingGit;
				PRODUCT_NAME = "$(TARGET_NAME)";
			};
			name = Release;
		};
/* End XCBuildConfiguration section */

/* Begin XCConfigurationList section */
		33A622B31D44659600A2A0F3 /* Build configuration list for PBXProject "testingGit" */ = {
			isa = XCConfigurationList;
			buildConfigurations = (
				33A622C81D44659600A2A0F3 /* Debug */,
				33A622C91D44659600A2A0F3 /* Release */,
			);
			defaultConfigurationIsVisible = 0;
			defaultConfigurationName = Release;
		};
		33A622CA1D44659600A2A0F3 /* Build configuration list for PBXNativeTarget "testingGit" */ = {
			isa = XCConfigurationList;
			buildConfigurations = (
				33A622CB1D44659600A2A0F3 /* Debug */,
				33A622CC1D44659600A2A0F3 /* Release */,
			);
			defaultConfigurationIsVisible = 0;
			defaultConfigurationName = Release;
		};
/* End XCConfigurationList section */
	};
	rootObject = 33A622B01D44659600A2A0F3 /* Project object */;
}
